// !$*UTF8*$!
{
	archiveVersion = 1;
	classes = {
	};
	objectVersion = 77;
	objects = {

/* Begin PBXBuildFile section */
		744898722FE9A7F500CDED6D /* Lottie in Frameworks */ = {isa = PBXBuildFile; productRef = 744898712FE9A7F500CDED6D /* Lottie */; };
		747342D72FFA5365005C1CFA /* AlexandraCapitanescuChokeMe.mp3 in Resources */ = {isa = PBXBuildFile; fileRef = 747342D62FFA5365005C1CFA /* AlexandraCapitanescuChokeMe.mp3 */; };
		7473E0F93001005E0037F0CA /* BzikebiOnReplay.mp3 in Resources */ = {isa = PBXBuildFile; fileRef = 7473E0F83001005E0037F0CA /* BzikebiOnReplay.mp3 */; };
		7473E0FB3001008D0037F0CA /* DeltaGoodremEclipse.mp3 in Resources */ = {isa = PBXBuildFile; fileRef = 7473E0FA3001008D0037F0CA /* DeltaGoodremEclipse.mp3 */; };
		7473E0FD300100C40037F0CA /* MonroeRegarde.mp3 in Resources */ = {isa = PBXBuildFile; fileRef = 7473E0FC300100C40037F0CA /* MonroeRegarde.mp3 */; };
		7473E1063001013B0037F0CA /* SIMONPalomaRumba.mp3 in Resources */ = {isa = PBXBuildFile; fileRef = 7473E1053001013B0037F0CA /* SIMONPalomaRumba.mp3 */; };
		7473E1073001013B0037F0CA /* JIVAJustGo.mp3 in Resources */ = {isa = PBXBuildFile; fileRef = 7473E1013001013B0037F0CA /* JIVAJustGo.mp3 */; };
		7473E1083001013B0037F0CA /* AlicjaPray.mp3 in Resources */ = {isa = PBXBuildFile; fileRef = 7473E0FF3001013B0037F0CA /* AlicjaPray.mp3 */; };
		7473E1093001013B0037F0CA /* LionCeccahSoloQuieroMas.mp3 in Resources */ = {isa = PBXBuildFile; fileRef = 7473E1023001013B0037F0CA /* LionCeccahSoloQuieroMas.mp3 */; };
		7473E10A3001013B0037F0CA /* AkylasFerto.mp3 in Resources */ = {isa = PBXBuildFile; fileRef = 7473E0FE3001013B0037F0CA /* AkylasFerto.mp3 */; };
		7473E10B3001013B0037F0CA /* SarahEngelsFire.mp3 in Resources */ = {isa = PBXBuildFile; fileRef = 7473E1043001013B0037F0CA /* SarahEngelsFire.mp3 */; };
		7473E10C3001013B0037F0CA /* ESSYLADancingOnTheIce.mp3 in Resources */ = {isa = PBXBuildFile; fileRef = 7473E1003001013B0037F0CA /* ESSYLADancingOnTheIce.mp3 */; };
		7473E10D3001013B0037F0CA /* LookMumNoComputerEinsZweiDrei.mp3 in Resources */ = {isa = PBXBuildFile; fileRef = 7473E1033001013B0037F0CA /* LookMumNoComputerEinsZweiDrei.mp3 */; };
		7473E111300101750037F0CA /* JonasLovvYaYaYa.mp3 in Resources */ = {isa = PBXBuildFile; fileRef = 7473E110300101750037F0CA /* JonasLovvYaYaYa.mp3 */; };
		7473E112300101750037F0CA /* FELICIAMySystem.mp3 in Resources */ = {isa = PBXBuildFile; fileRef = 7473E10F300101750037F0CA /* FELICIAMySystem.mp3 */; };
		7473E113300101750037F0CA /* AlisNan.mp3 in Resources */ = {isa = PBXBuildFile; fileRef = 7473E10E300101750037F0CA /* AlisNan.mp3 */; };
		7473E117300101C20037F0CA /* CosmoTanzschein.mp3 in Resources */ = {isa = PBXBuildFile; fileRef = 7473E115300101C20037F0CA /* CosmoTanzschein.mp3 */; };
		7473E118300101C20037F0CA /* VeronicaFusaroAlice.mp3 in Resources */ = {isa = PBXBuildFile; fileRef = 7473E116300101C20037F0CA /* VeronicaFusaroAlice.mp3 */; };
		7473E119300101C20037F0CA /* BandidosDoCanteRosa.mp3 in Resources */ = {isa = PBXBuildFile; fileRef = 7473E114300101C20037F0CA /* BandidosDoCanteRosa.mp3 */; };
		7473E11B3001022F0037F0CA /* SalDaVinciPerSempreSi.mp3 in Resources */ = {isa = PBXBuildFile; fileRef = 7473E11A3001022F0037F0CA /* SalDaVinciPerSempreSi.mp3 */; };
		7473E11D300102800037F0CA /* LindaLampeniusPeteParkkonenLiekinheitin.mp3 in Resources */ = {isa = PBXBuildFile; fileRef = 7473E11C300102800037F0CA /* LindaLampeniusPeteParkkonenLiekinheitin.mp3 */; };
		7473E11F300102C00037F0CA /* SorenTorpegaardLundForViGarHjem.mp3 in Resources */ = {isa = PBXBuildFile; fileRef = 7473E11E300102C00037F0CA /* SorenTorpegaardLundForViGarHjem.mp3 */; };
		7473E1213001030F0037F0CA /* SatoshiVivaMoldova.mp3 in Resources */ = {isa = PBXBuildFile; fileRef = 7473E1203001030F0037F0CA /* SatoshiVivaMoldova.mp3 */; };
		7473E1233001033E0037F0CA /* LELEKARidnym.mp3 in Resources */ = {isa = PBXBuildFile; fileRef = 7473E1223001033E0037F0CA /* LELEKARidnym.mp3 */; };
		7473E125300103C00037F0CA /* LELEKAndromeda.mp3 in Resources */ = {isa = PBXBuildFile; fileRef = 7473E124300103C00037F0CA /* LELEKAndromeda.mp3 */; };
		7473E127300104110037F0CA /* DanielZizkaCrossroads.mp3 in Resources */ = {isa = PBXBuildFile; fileRef = 7473E126300104110037F0CA /* DanielZizkaCrossroads.mp3 */; };
		7473E129300104660037F0CA /* LavinaKrajMene.mp3 in Resources */ = {isa = PBXBuildFile; fileRef = 7473E128300104660037F0CA /* LavinaKrajMene.mp3 */; };
		7473E12B300104B50037F0CA /* AIDANBella.mp3 in Resources */ = {isa = PBXBuildFile; fileRef = 7473E12A300104B50037F0CA /* AIDANBella.mp3 */; };
		7473E12D300104EC0037F0CA /* ANTIGONIJalla.mp3 in Resources */ = {isa = PBXBuildFile; fileRef = 7473E12C300104EC0037F0CA /* ANTIGONIJalla.mp3 */; };
		7473E12F300107770037F0CA /* SenhitBoyGeorgeSuperstar.mp3 in Resources */ = {isa = PBXBuildFile; fileRef = 7473E12E300107770037F0CA /* SenhitBoyGeorgeSuperstar.mp3 */; };
		7473E131300107B10037F0CA /* VanillaNinjaTooEpicToBeTrue.mp3 in Resources */ = {isa = PBXBuildFile; fileRef = 7473E130300107B10037F0CA /* VanillaNinjaTooEpicToBeTrue.mp3 */; };
		7473E133300108FA0037F0CA /* TamaraZivkovicNovaZora.mp3 in Resources */ = {isa = PBXBuildFile; fileRef = 7473E132300108FA0037F0CA /* TamaraZivkovicNovaZora.mp3 */; };
		7473E135300109460037F0CA /* EvaMarijaMotherNature.mp3 in Resources */ = {isa = PBXBuildFile; fileRef = 7473E134300109460037F0CA /* EvaMarijaMotherNature.mp3 */; };
		7473E1373001099E0037F0CA /* AtvaraEna.mp3 in Resources */ = {isa = PBXBuildFile; fileRef = 7473E1363001099E0037F0CA /* AtvaraEna.mp3 */; };
		7473E139300116240037F0CA /* ManeskinZittiEBuoni.mp3 in Resources */ = {isa = PBXBuildFile; fileRef = 7473E138300116240037F0CA /* ManeskinZittiEBuoni.mp3 */; };
		7483D5433000C7C1000319E2 /* FirebaseAnalytics in Frameworks */ = {isa = PBXBuildFile; productRef = 7483D5423000C7C1000319E2 /* FirebaseAnalytics */; };
		7483D5453000C7C1000319E2 /* FirebaseAnalyticsCore in Frameworks */ = {isa = PBXBuildFile; productRef = 7483D5443000C7C1000319E2 /* FirebaseAnalyticsCore */; };
		7483D5473000C7C1000319E2 /* FirebaseAnalyticsIdentitySupport in Frameworks */ = {isa = PBXBuildFile; productRef = 7483D5463000C7C1000319E2 /* FirebaseAnalyticsIdentitySupport */; };
		7483D5493000C7C1000319E2 /* FirebaseAppCheck in Frameworks */ = {isa = PBXBuildFile; productRef = 7483D5483000C7C1000319E2 /* FirebaseAppCheck */; };
		7483D54D3000C7C1000319E2 /* FirebaseAuth in Frameworks */ = {isa = PBXBuildFile; productRef = 7483D54C3000C7C1000319E2 /* FirebaseAuth */; };
		7483D54F3000C7C1000319E2 /* FirebaseAuthCombine-Community in Frameworks */ = {isa = PBXBuildFile; productRef = 7483D54E3000C7C1000319E2 /* FirebaseAuthCombine-Community */; };
		7483D5513000C7C1000319E2 /* FirebaseCore in Frameworks */ = {isa = PBXBuildFile; productRef = 7483D5503000C7C1000319E2 /* FirebaseCore */; };
		7483D5533000C7C1000319E2 /* FirebaseCrashlytics in Frameworks */ = {isa = PBXBuildFile; productRef = 7483D5523000C7C1000319E2 /* FirebaseCrashlytics */; };
		74CCD2372FF91CF90005C0C6 /* DaraBangaranga.mp3 in Resources */ = {isa = PBXBuildFile; fileRef = 74CCD2362FF91CF90005C0C6 /* DaraBangaranga.mp3 */; };
		74CCD2652FF983C60005C0C6 /* NoamBettanMichelle.mp3 in Resources */ = {isa = PBXBuildFile; fileRef = 74CCD2642FF983C60005C0C6 /* NoamBettanMichelle.mp3 */; };
/* End PBXBuildFile section */

/* Begin PBXFileReference section */
		744897D42FE9A62D00CDED6D /* Music.app */ = {isa = PBXFileReference; explicitFileType = wrapper.application; includeInIndex = 0; path = Music.app; sourceTree = BUILT_PRODUCTS_DIR; };
		747342D62FFA5365005C1CFA /* AlexandraCapitanescuChokeMe.mp3 */ = {isa = PBXFileReference; lastKnownFileType = audio.mp3; path = AlexandraCapitanescuChokeMe.mp3; sourceTree = "<group>"; };
		7473E0F83001005E0037F0CA /* BzikebiOnReplay.mp3 */ = {isa = PBXFileReference; lastKnownFileType = audio.mp3; path = BzikebiOnReplay.mp3; sourceTree = "<group>"; };
		7473E0FA3001008D0037F0CA /* DeltaGoodremEclipse.mp3 */ = {isa = PBXFileReference; lastKnownFileType = audio.mp3; path = DeltaGoodremEclipse.mp3; sourceTree = "<group>"; };
		7473E0FC300100C40037F0CA /* MonroeRegarde.mp3 */ = {isa = PBXFileReference; lastKnownFileType = audio.mp3; path = MonroeRegarde.mp3; sourceTree = "<group>"; };
		7473E0FE3001013B0037F0CA /* AkylasFerto.mp3 */ = {isa = PBXFileReference; lastKnownFileType = audio.mp3; path = AkylasFerto.mp3; sourceTree = "<group>"; };
		7473E0FF3001013B0037F0CA /* AlicjaPray.mp3 */ = {isa = PBXFileReference; lastKnownFileType = audio.mp3; path = AlicjaPray.mp3; sourceTree = "<group>"; };
		7473E1003001013B0037F0CA /* ESSYLADancingOnTheIce.mp3 */ = {isa = PBXFileReference; lastKnownFileType = audio.mp3; path = ESSYLADancingOnTheIce.mp3; sourceTree = "<group>"; };
		7473E1013001013B0037F0CA /* JIVAJustGo.mp3 */ = {isa = PBXFileReference; lastKnownFileType = audio.mp3; path = JIVAJustGo.mp3; sourceTree = "<group>"; };
		7473E1023001013B0037F0CA /* LionCeccahSoloQuieroMas.mp3 */ = {isa = PBXFileReference; lastKnownFileType = audio.mp3; path = LionCeccahSoloQuieroMas.mp3; sourceTree = "<group>"; };
		7473E1033001013B0037F0CA /* LookMumNoComputerEinsZweiDrei.mp3 */ = {isa = PBXFileReference; lastKnownFileType = audio.mp3; path = LookMumNoComputerEinsZweiDrei.mp3; sourceTree = "<group>"; };
		7473E1043001013B0037F0CA /* SarahEngelsFire.mp3 */ = {isa = PBXFileReference; lastKnownFileType = audio.mp3; path = SarahEngelsFire.mp3; sourceTree = "<group>"; };
		7473E1053001013B0037F0CA /* SIMONPalomaRumba.mp3 */ = {isa = PBXFileReference; lastKnownFileType = audio.mp3; path = SIMONPalomaRumba.mp3; sourceTree = "<group>"; };
		7473E10E300101750037F0CA /* AlisNan.mp3 */ = {isa = PBXFileReference; lastKnownFileType = audio.mp3; path = AlisNan.mp3; sourceTree = "<group>"; };
		7473E10F300101750037F0CA /* FELICIAMySystem.mp3 */ = {isa = PBXFileReference; lastKnownFileType = audio.mp3; path = FELICIAMySystem.mp3; sourceTree = "<group>"; };
		7473E110300101750037F0CA /* JonasLovvYaYaYa.mp3 */ = {isa = PBXFileReference; lastKnownFileType = audio.mp3; path = JonasLovvYaYaYa.mp3; sourceTree = "<group>"; };
		7473E114300101C20037F0CA /* BandidosDoCanteRosa.mp3 */ = {isa = PBXFileReference; lastKnownFileType = audio.mp3; path = BandidosDoCanteRosa.mp3; sourceTree = "<group>"; };
		7473E115300101C20037F0CA /* CosmoTanzschein.mp3 */ = {isa = PBXFileReference; lastKnownFileType = audio.mp3; path = CosmoTanzschein.mp3; sourceTree = "<group>"; };
		7473E116300101C20037F0CA /* VeronicaFusaroAlice.mp3 */ = {isa = PBXFileReference; lastKnownFileType = audio.mp3; path = VeronicaFusaroAlice.mp3; sourceTree = "<group>"; };
		7473E11A3001022F0037F0CA /* SalDaVinciPerSempreSi.mp3 */ = {isa = PBXFileReference; lastKnownFileType = audio.mp3; path = SalDaVinciPerSempreSi.mp3; sourceTree = "<group>"; };
		7473E11C300102800037F0CA /* LindaLampeniusPeteParkkonenLiekinheitin.mp3 */ = {isa = PBXFileReference; lastKnownFileType = audio.mp3; path = LindaLampeniusPeteParkkonenLiekinheitin.mp3; sourceTree = "<group>"; };
		7473E11E300102C00037F0CA /* SorenTorpegaardLundForViGarHjem.mp3 */ = {isa = PBXFileReference; lastKnownFileType = audio.mp3; path = SorenTorpegaardLundForViGarHjem.mp3; sourceTree = "<group>"; };
		7473E1203001030F0037F0CA /* SatoshiVivaMoldova.mp3 */ = {isa = PBXFileReference; lastKnownFileType = audio.mp3; path = SatoshiVivaMoldova.mp3; sourceTree = "<group>"; };
		7473E1223001033E0037F0CA /* LELEKARidnym.mp3 */ = {isa = PBXFileReference; lastKnownFileType = audio.mp3; path = LELEKARidnym.mp3; sourceTree = "<group>"; };
		7473E124300103C00037F0CA /* LELEKAndromeda.mp3 */ = {isa = PBXFileReference; lastKnownFileType = audio.mp3; path = LELEKAndromeda.mp3; sourceTree = "<group>"; };
		7473E126300104110037F0CA /* DanielZizkaCrossroads.mp3 */ = {isa = PBXFileReference; lastKnownFileType = audio.mp3; path = DanielZizkaCrossroads.mp3; sourceTree = "<group>"; };
		7473E128300104660037F0CA /* LavinaKrajMene.mp3 */ = {isa = PBXFileReference; lastKnownFileType = audio.mp3; path = LavinaKrajMene.mp3; sourceTree = "<group>"; };
		7473E12A300104B50037F0CA /* AIDANBella.mp3 */ = {isa = PBXFileReference; lastKnownFileType = audio.mp3; path = AIDANBella.mp3; sourceTree = "<group>"; };
		7473E12C300104EC0037F0CA /* ANTIGONIJalla.mp3 */ = {isa = PBXFileReference; lastKnownFileType = audio.mp3; path = ANTIGONIJalla.mp3; sourceTree = "<group>"; };
		7473E12E300107770037F0CA /* SenhitBoyGeorgeSuperstar.mp3 */ = {isa = PBXFileReference; lastKnownFileType = audio.mp3; path = SenhitBoyGeorgeSuperstar.mp3; sourceTree = "<group>"; };
		7473E130300107B10037F0CA /* VanillaNinjaTooEpicToBeTrue.mp3 */ = {isa = PBXFileReference; lastKnownFileType = audio.mp3; path = VanillaNinjaTooEpicToBeTrue.mp3; sourceTree = "<group>"; };
		7473E132300108FA0037F0CA /* TamaraZivkovicNovaZora.mp3 */ = {isa = PBXFileReference; lastKnownFileType = audio.mp3; path = TamaraZivkovicNovaZora.mp3; sourceTree = "<group>"; };
		7473E134300109460037F0CA /* EvaMarijaMotherNature.mp3 */ = {isa = PBXFileReference; lastKnownFileType = audio.mp3; path = EvaMarijaMotherNature.mp3; sourceTree = "<group>"; };
		7473E1363001099E0037F0CA /* AtvaraEna.mp3 */ = {isa = PBXFileReference; lastKnownFileType = audio.mp3; path = AtvaraEna.mp3; sourceTree = "<group>"; };
		7473E138300116240037F0CA /* ManeskinZittiEBuoni.mp3 */ = {isa = PBXFileReference; lastKnownFileType = audio.mp3; path = ManeskinZittiEBuoni.mp3; sourceTree = "<group>"; };
		74CCD2362FF91CF90005C0C6 /* DaraBangaranga.mp3 */ = {isa = PBXFileReference; lastKnownFileType = audio.mp3; path = DaraBangaranga.mp3; sourceTree = "<group>"; };
		74CCD2642FF983C60005C0C6 /* NoamBettanMichelle.mp3 */ = {isa = PBXFileReference; lastKnownFileType = audio.mp3; path = NoamBettanMichelle.mp3; sourceTree = "<group>"; };
/* End PBXFileReference section */

/* Begin PBXFileSystemSynchronizedBuildFileExceptionSet section */
		74C56ED230016891003F19A3 /* Exceptions for "Music" folder in "Music" target */ = {
			isa = PBXFileSystemSynchronizedBuildFileExceptionSet;
			membershipExceptions = (
				App/Info.plist,
			);
			target = 744897D32FE9A62D00CDED6D /* Music */;
		};
/* End PBXFileSystemSynchronizedBuildFileExceptionSet section */

/* Begin PBXFileSystemSynchronizedRootGroup section */
		744897D62FE9A62D00CDED6D /* Music */ = {
			isa = PBXFileSystemSynchronizedRootGroup;
			exceptions = (
				74C56ED230016891003F19A3 /* Exceptions for "Music" folder in "Music" target */,
			);
			path = Music;
			sourceTree = "<group>";
		};
/* End PBXFileSystemSynchronizedRootGroup section */

/* Begin PBXFrameworksBuildPhase section */
		744897D12FE9A62D00CDED6D /* Frameworks */ = {
			isa = PBXFrameworksBuildPhase;
			buildActionMask = 2147483647;
			files = (
				744898722FE9A7F500CDED6D /* Lottie in Frameworks */,
				7483D5513000C7C1000319E2 /* FirebaseCore in Frameworks */,
				7483D5473000C7C1000319E2 /* FirebaseAnalyticsIdentitySupport in Frameworks */,
				7483D5453000C7C1000319E2 /* FirebaseAnalyticsCore in Frameworks */,
				7483D54D3000C7C1000319E2 /* FirebaseAuth in Frameworks */,
				7483D5493000C7C1000319E2 /* FirebaseAppCheck in Frameworks */,
				7483D5433000C7C1000319E2 /* FirebaseAnalytics in Frameworks */,
				7483D5533000C7C1000319E2 /* FirebaseCrashlytics in Frameworks */,
				7483D54F3000C7C1000319E2 /* FirebaseAuthCombine-Community in Frameworks */,
			);
			runOnlyForDeploymentPostprocessing = 0;
		};
/* End PBXFrameworksBuildPhase section */

/* Begin PBXGroup section */
		744897CB2FE9A62D00CDED6D = {
			isa = PBXGroup;
			children = (
				74CCD2352FF91CCF0005C0C6 /* Songs */,
				744897D62FE9A62D00CDED6D /* Music */,
				744897D52FE9A62D00CDED6D /* Products */,
			);
			sourceTree = "<group>";
		};
		744897D52FE9A62D00CDED6D /* Products */ = {
			isa = PBXGroup;
			children = (
				744897D42FE9A62D00CDED6D /* Music.app */,
			);
			name = Products;
			sourceTree = "<group>";
		};
		74CCD2352FF91CCF0005C0C6 /* Songs */ = {
			isa = PBXGroup;
			children = (
				74CCD2362FF91CF90005C0C6 /* DaraBangaranga.mp3 */,
				74CCD2642FF983C60005C0C6 /* NoamBettanMichelle.mp3 */,
				747342D62FFA5365005C1CFA /* AlexandraCapitanescuChokeMe.mp3 */,
				7473E0F83001005E0037F0CA /* BzikebiOnReplay.mp3 */,
				7473E0FA3001008D0037F0CA /* DeltaGoodremEclipse.mp3 */,
				7473E0FC300100C40037F0CA /* MonroeRegarde.mp3 */,
				7473E0FE3001013B0037F0CA /* AkylasFerto.mp3 */,
				7473E0FF3001013B0037F0CA /* AlicjaPray.mp3 */,
				7473E1003001013B0037F0CA /* ESSYLADancingOnTheIce.mp3 */,
				7473E1013001013B0037F0CA /* JIVAJustGo.mp3 */,
				7473E1023001013B0037F0CA /* LionCeccahSoloQuieroMas.mp3 */,
				7473E1033001013B0037F0CA /* LookMumNoComputerEinsZweiDrei.mp3 */,
				7473E1043001013B0037F0CA /* SarahEngelsFire.mp3 */,
				7473E1053001013B0037F0CA /* SIMONPalomaRumba.mp3 */,
				7473E10E300101750037F0CA /* AlisNan.mp3 */,
				7473E10F300101750037F0CA /* FELICIAMySystem.mp3 */,
				7473E110300101750037F0CA /* JonasLovvYaYaYa.mp3 */,
				7473E114300101C20037F0CA /* BandidosDoCanteRosa.mp3 */,
				7473E115300101C20037F0CA /* CosmoTanzschein.mp3 */,
				7473E116300101C20037F0CA /* VeronicaFusaroAlice.mp3 */,
				7473E11A3001022F0037F0CA /* SalDaVinciPerSempreSi.mp3 */,
				7473E11C300102800037F0CA /* LindaLampeniusPeteParkkonenLiekinheitin.mp3 */,
				7473E11E300102C00037F0CA /* SorenTorpegaardLundForViGarHjem.mp3 */,
				7473E1203001030F0037F0CA /* SatoshiVivaMoldova.mp3 */,
				7473E1223001033E0037F0CA /* LELEKARidnym.mp3 */,
				7473E124300103C00037F0CA /* LELEKAndromeda.mp3 */,
				7473E126300104110037F0CA /* DanielZizkaCrossroads.mp3 */,
				7473E128300104660037F0CA /* LavinaKrajMene.mp3 */,
				7473E12A300104B50037F0CA /* AIDANBella.mp3 */,
				7473E12C300104EC0037F0CA /* ANTIGONIJalla.mp3 */,
				7473E12E300107770037F0CA /* SenhitBoyGeorgeSuperstar.mp3 */,
				7473E130300107B10037F0CA /* VanillaNinjaTooEpicToBeTrue.mp3 */,
				7473E132300108FA0037F0CA /* TamaraZivkovicNovaZora.mp3 */,
				7473E134300109460037F0CA /* EvaMarijaMotherNature.mp3 */,
				7473E1363001099E0037F0CA /* AtvaraEna.mp3 */,
				7473E138300116240037F0CA /* ManeskinZittiEBuoni.mp3 */,
			);
			path = Songs;
			sourceTree = "<group>";
		};
/* End PBXGroup section */

/* Begin PBXNativeTarget section */
		744897D32FE9A62D00CDED6D /* Music */ = {
			isa = PBXNativeTarget;
			buildConfigurationList = 744897E72FE9A62E00CDED6D /* Build configuration list for PBXNativeTarget "Music" */;
			buildPhases = (
				744897D02FE9A62D00CDED6D /* Sources */,
				744897D12FE9A62D00CDED6D /* Frameworks */,
				744897D22FE9A62D00CDED6D /* Resources */,
				7483D56E3000CA97000319E2 /* ShellScript */,
				7483D5723000ECEA000319E2 /* Run Script */,
			);
			buildRules = (
			);
			dependencies = (
			);
			fileSystemSynchronizedGroups = (
				744897D62FE9A62D00CDED6D /* Music */,
			);
			name = Music;
			packageProductDependencies = (
				744898712FE9A7F500CDED6D /* Lottie */,
				7483D5423000C7C1000319E2 /* FirebaseAnalytics */,
				7483D5443000C7C1000319E2 /* FirebaseAnalyticsCore */,
				7483D5463000C7C1000319E2 /* FirebaseAnalyticsIdentitySupport */,
				7483D5483000C7C1000319E2 /* FirebaseAppCheck */,
				7483D54C3000C7C1000319E2 /* FirebaseAuth */,
				7483D54E3000C7C1000319E2 /* FirebaseAuthCombine-Community */,
				7483D5503000C7C1000319E2 /* FirebaseCore */,
				7483D5523000C7C1000319E2 /* FirebaseCrashlytics */,
			);
			productName = Music;
			productReference = 744897D42FE9A62D00CDED6D /* Music.app */;
			productType = "com.apple.product-type.application";
		};
/* End PBXNativeTarget section */

/* Begin PBXProject section */
		744897CC2FE9A62D00CDED6D /* Project object */ = {
			isa = PBXProject;
			attributes = {
				BuildIndependentTargetsInParallel = 1;
				LastSwiftUpdateCheck = 2640;
				LastUpgradeCheck = 2640;
				TargetAttributes = {
					744897D32FE9A62D00CDED6D = {
						CreatedOnToolsVersion = 26.4;
					};
				};
			};
			buildConfigurationList = 744897CF2FE9A62D00CDED6D /* Build configuration list for PBXProject "Music" */;
			developmentRegion = en;
			hasScannedForEncodings = 0;
			knownRegions = (
				en,
				Base,
			);
			mainGroup = 744897CB2FE9A62D00CDED6D;
			minimizedProjectReferenceProxies = 1;
			packageReferences = (
				744898702FE9A7F500CDED6D /* XCRemoteSwiftPackageReference "lottie-spm" */,
				7483D53D3000C7C1000319E2 /* XCRemoteSwiftPackageReference "firebase-ios-sdk" */,
				7483D5713000EC2F000319E2 /* XCRemoteSwiftPackageReference "SwiftLint" */,
			);
			preferredProjectObjectVersion = 77;
			productRefGroup = 744897D52FE9A62D00CDED6D /* Products */;
			projectDirPath = "";
			projectRoot = "";
			targets = (
				744897D32FE9A62D00CDED6D /* Music */,
			);
		};
/* End PBXProject section */

/* Begin PBXResourcesBuildPhase section */
		744897D22FE9A62D00CDED6D /* Resources */ = {
			isa = PBXResourcesBuildPhase;
			buildActionMask = 2147483647;
			files = (
				7473E1063001013B0037F0CA /* SIMONPalomaRumba.mp3 in Resources */,
				7473E139300116240037F0CA /* ManeskinZittiEBuoni.mp3 in Resources */,
				7473E1073001013B0037F0CA /* JIVAJustGo.mp3 in Resources */,
				7473E1083001013B0037F0CA /* AlicjaPray.mp3 in Resources */,
				7473E133300108FA0037F0CA /* TamaraZivkovicNovaZora.mp3 in Resources */,
				7473E1093001013B0037F0CA /* LionCeccahSoloQuieroMas.mp3 in Resources */,
				7473E12D300104EC0037F0CA /* ANTIGONIJalla.mp3 in Resources */,
				7473E131300107B10037F0CA /* VanillaNinjaTooEpicToBeTrue.mp3 in Resources */,
				7473E10A3001013B0037F0CA /* AkylasFerto.mp3 in Resources */,
				7473E10B3001013B0037F0CA /* SarahEngelsFire.mp3 in Resources */,
				7473E1233001033E0037F0CA /* LELEKARidnym.mp3 in Resources */,
				7473E10C3001013B0037F0CA /* ESSYLADancingOnTheIce.mp3 in Resources */,
				7473E1213001030F0037F0CA /* SatoshiVivaMoldova.mp3 in Resources */,
				7473E10D3001013B0037F0CA /* LookMumNoComputerEinsZweiDrei.mp3 in Resources */,
				74CCD2652FF983C60005C0C6 /* NoamBettanMichelle.mp3 in Resources */,
				74CCD2372FF91CF90005C0C6 /* DaraBangaranga.mp3 in Resources */,
				7473E111300101750037F0CA /* JonasLovvYaYaYa.mp3 in Resources */,
				7473E127300104110037F0CA /* DanielZizkaCrossroads.mp3 in Resources */,
				7473E112300101750037F0CA /* FELICIAMySystem.mp3 in Resources */,
				7473E113300101750037F0CA /* AlisNan.mp3 in Resources */,
				747342D72FFA5365005C1CFA /* AlexandraCapitanescuChokeMe.mp3 in Resources */,
				7473E0F93001005E0037F0CA /* BzikebiOnReplay.mp3 in Resources */,
				7473E0FB3001008D0037F0CA /* DeltaGoodremEclipse.mp3 in Resources */,
				7473E1373001099E0037F0CA /* AtvaraEna.mp3 in Resources */,
				7473E125300103C00037F0CA /* LELEKAndromeda.mp3 in Resources */,
				7473E0FD300100C40037F0CA /* MonroeRegarde.mp3 in Resources */,
				7473E12B300104B50037F0CA /* AIDANBella.mp3 in Resources */,
				7473E11D300102800037F0CA /* LindaLampeniusPeteParkkonenLiekinheitin.mp3 in Resources */,
				7473E129300104660037F0CA /* LavinaKrajMene.mp3 in Resources */,
				7473E117300101C20037F0CA /* CosmoTanzschein.mp3 in Resources */,
				7473E12F300107770037F0CA /* SenhitBoyGeorgeSuperstar.mp3 in Resources */,
				7473E118300101C20037F0CA /* VeronicaFusaroAlice.mp3 in Resources */,
				7473E119300101C20037F0CA /* BandidosDoCanteRosa.mp3 in Resources */,
				7473E11B3001022F0037F0CA /* SalDaVinciPerSempreSi.mp3 in Resources */,
				7473E11F300102C00037F0CA /* SorenTorpegaardLundForViGarHjem.mp3 in Resources */,
				7473E135300109460037F0CA /* EvaMarijaMotherNature.mp3 in Resources */,
			);
			runOnlyForDeploymentPostprocessing = 0;
		};
/* End PBXResourcesBuildPhase section */

/* Begin PBXShellScriptBuildPhase section */
		7483D56E3000CA97000319E2 /* ShellScript */ = {
			isa = PBXShellScriptBuildPhase;
			buildActionMask = 2147483647;
			files = (
			);
			inputFileListPaths = (
			);
			inputPaths = (
				"",
				"${DWARF_DSYM_FOLDER_PATH}/${DWARF_DSYM_FILE_NAME}",
				"${DWARF_DSYM_FOLDER_PATH}/${DWARF_DSYM_FILE_NAME}/Contents/Resources/DWARF/${PRODUCT_NAME}",
				"${DWARF_DSYM_FOLDER_PATH}/${DWARF_DSYM_FILE_NAME}/Contents/Info.plist",
				"$(TARGET_BUILD_DIR)/$(UNLOCALIZED_RESOURCES_FOLDER_PATH)/GoogleService-Info.plist",
				"$(TARGET_BUILD_DIR)/$(EXECUTABLE_PATH)",
			);
			outputFileListPaths = (
			);
			outputPaths = (
			);
			runOnlyForDeploymentPostprocessing = 0;
			shellPath = /bin/sh;
			shellScript = "\"${BUILD_DIR%/Build/*}/SourcePackages/checkouts/firebase-ios-sdk/Crashlytics/run\"\n";
		};
		7483D5723000ECEA000319E2 /* Run Script */ = {
			isa = PBXShellScriptBuildPhase;
			alwaysOutOfDate = 1;
			buildActionMask = 2147483647;
			files = (
			);
			inputFileListPaths = (
			);
			inputPaths = (
			);
			name = "Run Script";
			outputFileListPaths = (
			);
			outputPaths = (
			);
			runOnlyForDeploymentPostprocessing = 0;
			shellPath = /bin/sh;
			shellScript = "if [[ \"$(uname -m)\" == arm64 ]]\nthen\n    export PATH=\"/opt/homebrew/bin:$PATH\"\nfi\n\nif command -v swiftlint >/dev/null 2>&1\nthen\n    swiftlint\nelse\n    echo \"warning: `swiftlint` command not found - See https://github.com/realm/SwiftLint#installation for installation instructions.\"\nfi\n";
			showEnvVarsInLog = 0;
		};
/* End PBXShellScriptBuildPhase section */

/* Begin PBXSourcesBuildPhase section */
		744897D02FE9A62D00CDED6D /* Sources */ = {
			isa = PBXSourcesBuildPhase;
			buildActionMask = 2147483647;
			files = (
			);
			runOnlyForDeploymentPostprocessing = 0;
		};
/* End PBXSourcesBuildPhase section */

/* Begin XCBuildConfiguration section */
		744897E82FE9A62E00CDED6D /* Debug */ = {
			isa = XCBuildConfiguration;
			buildSettings = {
				ASSETCATALOG_COMPILER_APPICON_NAME = AppIcon;
				ASSETCATALOG_COMPILER_GLOBAL_ACCENT_COLOR_NAME = AccentColor;
				CODE_SIGN_STYLE = Automatic;
				CURRENT_PROJECT_VERSION = 1;
				DEBUG_INFORMATION_FORMAT = "dwarf-with-dsym";
				DEVELOPMENT_TEAM = NHXPFMPDFR;
				ENABLE_USER_SCRIPT_SANDBOXING = NO;
				GENERATE_INFOPLIST_FILE = YES;
				INFOPLIST_FILE = Music/App/Info.plist;
				INFOPLIST_KEY_UIApplicationSupportsIndirectInputEvents = YES;
				INFOPLIST_KEY_UILaunchStoryboardName = LaunchScreen;
				INFOPLIST_KEY_UISupportedInterfaceOrientations = UIInterfaceOrientationPortrait;
				LD_RUNPATH_SEARCH_PATHS = (
					"$(inherited)",
					"@executable_path/Frameworks",
				);
				MARKETING_VERSION = 1.0;
				PRODUCT_BUNDLE_IDENTIFIER = "-67jygj.Music";
				PRODUCT_NAME = "$(TARGET_NAME)";
				STRING_CATALOG_GENERATE_SYMBOLS = YES;
				SWIFT_APPROACHABLE_CONCURRENCY = YES;
				SWIFT_DEFAULT_ACTOR_ISOLATION = MainActor;
				SWIFT_EMIT_LOC_STRINGS = YES;
				SWIFT_UPCOMING_FEATURE_MEMBER_IMPORT_VISIBILITY = YES;
				SWIFT_VERSION = 5.0;
				TARGETED_DEVICE_FAMILY = "1,2";
			};
			name = Debug;
		};
		744897E92FE9A62E00CDED6D /* Release */ = {
			isa = XCBuildConfiguration;
			buildSettings = {
				ASSETCATALOG_COMPILER_APPICON_NAME = AppIcon;
				ASSETCATALOG_COMPILER_GLOBAL_ACCENT_COLOR_NAME = AccentColor;
				CODE_SIGN_STYLE = Automatic;
				CURRENT_PROJECT_VERSION = 1;
				DEBUG_INFORMATION_FORMAT = "dwarf-with-dsym";
				DEVELOPMENT_TEAM = NHXPFMPDFR;
				ENABLE_USER_SCRIPT_SANDBOXING = NO;
				GENERATE_INFOPLIST_FILE = YES;
				INFOPLIST_FILE = Music/App/Info.plist;
				INFOPLIST_KEY_UIApplicationSupportsIndirectInputEvents = YES;
				INFOPLIST_KEY_UILaunchStoryboardName = LaunchScreen;
				INFOPLIST_KEY_UISupportedInterfaceOrientations = UIInterfaceOrientationPortrait;
				LD_RUNPATH_SEARCH_PATHS = (
					"$(inherited)",
					"@executable_path/Frameworks",
				);
				MARKETING_VERSION = 1.0;
				PRODUCT_BUNDLE_IDENTIFIER = "-67jygj.Music";
				PRODUCT_NAME = "$(TARGET_NAME)";
				STRING_CATALOG_GENERATE_SYMBOLS = YES;
				SWIFT_APPROACHABLE_CONCURRENCY = YES;
				SWIFT_DEFAULT_ACTOR_ISOLATION = MainActor;
				SWIFT_EMIT_LOC_STRINGS = YES;
				SWIFT_UPCOMING_FEATURE_MEMBER_IMPORT_VISIBILITY = YES;
				SWIFT_VERSION = 5.0;
				TARGETED_DEVICE_FAMILY = "1,2";
			};
			name = Release;
		};
		744897EA2FE9A62E00CDED6D /* Debug */ = {
			isa = XCBuildConfiguration;
			buildSettings = {
				ALWAYS_SEARCH_USER_PATHS = NO;
				ASSETCATALOG_COMPILER_GENERATE_SWIFT_ASSET_SYMBOL_EXTENSIONS = YES;
				CLANG_ANALYZER_NONNULL = YES;
				CLANG_ANALYZER_NUMBER_OBJECT_CONVERSION = YES_AGGRESSIVE;
				CLANG_CXX_LANGUAGE_STANDARD = "gnu++20";
				CLANG_ENABLE_MODULES = YES;
				CLANG_ENABLE_OBJC_ARC = YES;
				CLANG_ENABLE_OBJC_WEAK = YES;
				CLANG_WARN_BLOCK_CAPTURE_AUTORELEASING = YES;
				CLANG_WARN_BOOL_CONVERSION = YES;
				CLANG_WARN_COMMA = YES;
				CLANG_WARN_CONSTANT_CONVERSION = YES;
				CLANG_WARN_DEPRECATED_OBJC_IMPLEMENTATIONS = YES;
				CLANG_WARN_DIRECT_OBJC_ISA_USAGE = YES_ERROR;
				CLANG_WARN_DOCUMENTATION_COMMENTS = YES;
				CLANG_WARN_EMPTY_BODY = YES;
				CLANG_WARN_ENUM_CONVERSION = YES;
				CLANG_WARN_INFINITE_RECURSION = YES;
				CLANG_WARN_INT_CONVERSION = YES;
				CLANG_WARN_NON_LITERAL_NULL_CONVERSION = YES;
				CLANG_WARN_OBJC_IMPLICIT_RETAIN_SELF = YES;
				CLANG_WARN_OBJC_LITERAL_CONVERSION = YES;
				CLANG_WARN_OBJC_ROOT_CLASS = YES_ERROR;
				CLANG_WARN_QUOTED_INCLUDE_IN_FRAMEWORK_HEADER = YES;
				CLANG_WARN_RANGE_LOOP_ANALYSIS = YES;
				CLANG_WARN_STRICT_PROTOTYPES = YES;
				CLANG_WARN_SUSPICIOUS_MOVE = YES;
				CLANG_WARN_UNGUARDED_AVAILABILITY = YES_AGGRESSIVE;
				CLANG_WARN_UNREACHABLE_CODE = YES;
				CLANG_WARN__DUPLICATE_METHOD_MATCH = YES;
				COPY_PHASE_STRIP = NO;
				DEBUG_INFORMATION_FORMAT = dwarf;
				DEVELOPMENT_TEAM = NHXPFMPDFR;
				ENABLE_STRICT_OBJC_MSGSEND = YES;
				ENABLE_TESTABILITY = YES;
				ENABLE_USER_SCRIPT_SANDBOXING = YES;
				GCC_C_LANGUAGE_STANDARD = gnu17;
				GCC_DYNAMIC_NO_PIC = NO;
				GCC_NO_COMMON_BLOCKS = YES;
				GCC_OPTIMIZATION_LEVEL = 0;
				GCC_PREPROCESSOR_DEFINITIONS = (
					"DEBUG=1",
					"$(inherited)",
				);
				GCC_WARN_64_TO_32_BIT_CONVERSION = YES;
				GCC_WARN_ABOUT_RETURN_TYPE = YES_ERROR;
				GCC_WARN_UNDECLARED_SELECTOR = YES;
				GCC_WARN_UNINITIALIZED_AUTOS = YES_AGGRESSIVE;
				GCC_WARN_UNUSED_FUNCTION = YES;
				GCC_WARN_UNUSED_VARIABLE = YES;
				IPHONEOS_DEPLOYMENT_TARGET = 26.4;
				LOCALIZATION_PREFERS_STRING_CATALOGS = YES;
				MTL_ENABLE_DEBUG_INFO = INCLUDE_SOURCE;
				MTL_FAST_MATH = YES;
				ONLY_ACTIVE_ARCH = YES;
				SDKROOT = iphoneos;
				SWIFT_ACTIVE_COMPILATION_CONDITIONS = "DEBUG $(inherited)";
				SWIFT_OPTIMIZATION_LEVEL = "-Onone";
			};
			name = Debug;
		};
		744897EB2FE9A62E00CDED6D /* Release */ = {
			isa = XCBuildConfiguration;
			buildSettings = {
				ALWAYS_SEARCH_USER_PATHS = NO;
				ASSETCATALOG_COMPILER_GENERATE_SWIFT_ASSET_SYMBOL_EXTENSIONS = YES;
				CLANG_ANALYZER_NONNULL = YES;
				CLANG_ANALYZER_NUMBER_OBJECT_CONVERSION = YES_AGGRESSIVE;
				CLANG_CXX_LANGUAGE_STANDARD = "gnu++20";
				CLANG_ENABLE_MODULES = YES;
				CLANG_ENABLE_OBJC_ARC = YES;
				CLANG_ENABLE_OBJC_WEAK = YES;
				CLANG_WARN_BLOCK_CAPTURE_AUTORELEASING = YES;
				CLANG_WARN_BOOL_CONVERSION = YES;
				CLANG_WARN_COMMA = YES;
				CLANG_WARN_CONSTANT_CONVERSION = YES;
				CLANG_WARN_DEPRECATED_OBJC_IMPLEMENTATIONS = YES;
				CLANG_WARN_DIRECT_OBJC_ISA_USAGE = YES_ERROR;
				CLANG_WARN_DOCUMENTATION_COMMENTS = YES;
				CLANG_WARN_EMPTY_BODY = YES;
				CLANG_WARN_ENUM_CONVERSION = YES;
				CLANG_WARN_INFINITE_RECURSION = YES;
				CLANG_WARN_INT_CONVERSION = YES;
				CLANG_WARN_NON_LITERAL_NULL_CONVERSION = YES;
				CLANG_WARN_OBJC_IMPLICIT_RETAIN_SELF = YES;
				CLANG_WARN_OBJC_LITERAL_CONVERSION = YES;
				CLANG_WARN_OBJC_ROOT_CLASS = YES_ERROR;
				CLANG_WARN_QUOTED_INCLUDE_IN_FRAMEWORK_HEADER = YES;
				CLANG_WARN_RANGE_LOOP_ANALYSIS = YES;
				CLANG_WARN_STRICT_PROTOTYPES = YES;
				CLANG_WARN_SUSPICIOUS_MOVE = YES;
				CLANG_WARN_UNGUARDED_AVAILABILITY = YES_AGGRESSIVE;
				CLANG_WARN_UNREACHABLE_CODE = YES;
				CLANG_WARN__DUPLICATE_METHOD_MATCH = YES;
				COPY_PHASE_STRIP = NO;
				DEBUG_INFORMATION_FORMAT = "dwarf-with-dsym";
				DEVELOPMENT_TEAM = NHXPFMPDFR;
				ENABLE_NS_ASSERTIONS = NO;
				ENABLE_STRICT_OBJC_MSGSEND = YES;
				ENABLE_USER_SCRIPT_SANDBOXING = YES;
				GCC_C_LANGUAGE_STANDARD = gnu17;
				GCC_NO_COMMON_BLOCKS = YES;
				GCC_WARN_64_TO_32_BIT_CONVERSION = YES;
				GCC_WARN_ABOUT_RETURN_TYPE = YES_ERROR;
				GCC_WARN_UNDECLARED_SELECTOR = YES;
				GCC_WARN_UNINITIALIZED_AUTOS = YES_AGGRESSIVE;
				GCC_WARN_UNUSED_FUNCTION = YES;
				GCC_WARN_UNUSED_VARIABLE = YES;
				IPHONEOS_DEPLOYMENT_TARGET = 26.4;
				LOCALIZATION_PREFERS_STRING_CATALOGS = YES;
				MTL_ENABLE_DEBUG_INFO = NO;
				MTL_FAST_MATH = YES;
				SDKROOT = iphoneos;
				SWIFT_COMPILATION_MODE = wholemodule;
				VALIDATE_PRODUCT = YES;
			};
			name = Release;
		};
/* End XCBuildConfiguration section */

/* Begin XCConfigurationList section */
		744897CF2FE9A62D00CDED6D /* Build configuration list for PBXProject "Music" */ = {
			isa = XCConfigurationList;
			buildConfigurations = (
				744897EA2FE9A62E00CDED6D /* Debug */,
				744897EB2FE9A62E00CDED6D /* Release */,
			);
			defaultConfigurationIsVisible = 0;
			defaultConfigurationName = Release;
		};
		744897E72FE9A62E00CDED6D /* Build configuration list for PBXNativeTarget "Music" */ = {
			isa = XCConfigurationList;
			buildConfigurations = (
				744897E82FE9A62E00CDED6D /* Debug */,
				744897E92FE9A62E00CDED6D /* Release */,
			);
			defaultConfigurationIsVisible = 0;
			defaultConfigurationName = Release;
		};
/* End XCConfigurationList section */

/* Begin XCRemoteSwiftPackageReference section */
		744898702FE9A7F500CDED6D /* XCRemoteSwiftPackageReference "lottie-spm" */ = {
			isa = XCRemoteSwiftPackageReference;
			repositoryURL = "https://github.com/airbnb/lottie-spm.git";
			requirement = {
				kind = upToNextMajorVersion;
				minimumVersion = 4.6.1;
			};
		};
		7483D53D3000C7C1000319E2 /* XCRemoteSwiftPackageReference "firebase-ios-sdk" */ = {
			isa = XCRemoteSwiftPackageReference;
			repositoryURL = "https://github.com/firebase/firebase-ios-sdk";
			requirement = {
				kind = upToNextMajorVersion;
				minimumVersion = 12.16.0;
			};
		};
		7483D5713000EC2F000319E2 /* XCRemoteSwiftPackageReference "SwiftLint" */ = {
			isa = XCRemoteSwiftPackageReference;
			repositoryURL = "https://github.com/realm/SwiftLint";
			requirement = {
				kind = upToNextMajorVersion;
				minimumVersion = 0.65.0;
			};
		};
/* End XCRemoteSwiftPackageReference section */

/* Begin XCSwiftPackageProductDependency section */
		744898712FE9A7F500CDED6D /* Lottie */ = {
			isa = XCSwiftPackageProductDependency;
			package = 744898702FE9A7F500CDED6D /* XCRemoteSwiftPackageReference "lottie-spm" */;
			productName = Lottie;
		};
		7483D5423000C7C1000319E2 /* FirebaseAnalytics */ = {
			isa = XCSwiftPackageProductDependency;
			package = 7483D53D3000C7C1000319E2 /* XCRemoteSwiftPackageReference "firebase-ios-sdk" */;
			productName = FirebaseAnalytics;
		};
		7483D5443000C7C1000319E2 /* FirebaseAnalyticsCore */ = {
			isa = XCSwiftPackageProductDependency;
			package = 7483D53D3000C7C1000319E2 /* XCRemoteSwiftPackageReference "firebase-ios-sdk" */;
			productName = FirebaseAnalyticsCore;
		};
		7483D5463000C7C1000319E2 /* FirebaseAnalyticsIdentitySupport */ = {
			isa = XCSwiftPackageProductDependency;
			package = 7483D53D3000C7C1000319E2 /* XCRemoteSwiftPackageReference "firebase-ios-sdk" */;
			productName = FirebaseAnalyticsIdentitySupport;
		};
		7483D5483000C7C1000319E2 /* FirebaseAppCheck */ = {
			isa = XCSwiftPackageProductDependency;
			package = 7483D53D3000C7C1000319E2 /* XCRemoteSwiftPackageReference "firebase-ios-sdk" */;
			productName = FirebaseAppCheck;
		};
		7483D54C3000C7C1000319E2 /* FirebaseAuth */ = {
			isa = XCSwiftPackageProductDependency;
			package = 7483D53D3000C7C1000319E2 /* XCRemoteSwiftPackageReference "firebase-ios-sdk" */;
			productName = FirebaseAuth;
		};
		7483D54E3000C7C1000319E2 /* FirebaseAuthCombine-Community */ = {
			isa = XCSwiftPackageProductDependency;
			package = 7483D53D3000C7C1000319E2 /* XCRemoteSwiftPackageReference "firebase-ios-sdk" */;
			productName = "FirebaseAuthCombine-Community";
		};
		7483D5503000C7C1000319E2 /* FirebaseCore */ = {
			isa = XCSwiftPackageProductDependency;
			package = 7483D53D3000C7C1000319E2 /* XCRemoteSwiftPackageReference "firebase-ios-sdk" */;
			productName = FirebaseCore;
		};
		7483D5523000C7C1000319E2 /* FirebaseCrashlytics */ = {
			isa = XCSwiftPackageProductDependency;
			package = 7483D53D3000C7C1000319E2 /* XCRemoteSwiftPackageReference "firebase-ios-sdk" */;
			productName = FirebaseCrashlytics;
		};
/* End XCSwiftPackageProductDependency section */
	};
	rootObject = 744897CC2FE9A62D00CDED6D /* Project object */;
}
